
Microsoft Visual Studio Solution File, Format Version 12.00
# Visual Studio Version 17
VisualStudioVersion = 17.11.35118.90
MinimumVisualStudioVersion = 10.0.40219.1
Project("{FAE04EC0-301F-11D3-BF4B-00C04F79EFBC}") = "Mapping.Reflection", "Mapping.Reflection\Mapping.Reflection.csproj", "{0AC36365-9D74-46CE-956E-BD954EB66CEA}"
EndProject
Global
	GlobalSection(SolutionConfigurationPlatforms) = preSolution
		Debug|Any CPU = Debug|Any CPU
		Release|Any CPU = Release|Any CPU
	EndGlobalSection
	GlobalSection(ProjectConfigurationPlatforms) = postSolution
		{0AC36365-9D74-46CE-956E-BD954EB66CEA}.Debug|Any CPU.ActiveCfg = Debug|Any CPU
		{0AC36365-9D74-46CE-956E-BD954EB66CEA}.Debug|Any CPU.Build.0 = Debug|Any CPU
		{0AC36365-9D74-46CE-956E-BD954EB66CEA}.Release|Any CPU.ActiveCfg = Release|Any CPU
		{0AC36365-9D74-46CE-956E-BD954EB66CEA}.Release|Any CPU.Build.0 = Release|Any CPU
	EndGlobalSection
	GlobalSection(SolutionProperties) = preSolution
		HideSolutionNode = FALSE
	EndGlobalSection
	GlobalSection(ExtensibilityGlobals) = postSolution
		SolutionGuid = {04EB9CCB-75C3-4555-B6C3-ADE8EA0886B6}
	EndGlobalSection
EndGlobal
